
Microsoft Visual Studio Solution File, Format Version 12.00
# Visual Studio Version 17
VisualStudioVersion = 17.9.34723.18
MinimumVisualStudioVersion = 10.0.40219.1
Project("{9A19103F-16F7-4668-BE54-9A1E7A4F7556}") = "SmithYourself", "SmithYourself.csproj", "{E292C7E7-1A0F-49B3-9DFB-5E33AEFEA419}"
EndProject
Global
	GlobalSection(SolutionConfigurationPlatforms) = preSolution
		Debug|Any CPU = Debug|Any CPU
		Release|Any CPU = Release|Any CPU
	EndGlobalSection
	GlobalSection(ProjectConfigurationPlatforms) = postSolution
		{E292C7E7-1A0F-49B3-9DFB-5E33AEFEA419}.Debug|Any CPU.ActiveCfg = Debug|Any CPU
		{E292C7E7-1A0F-49B3-9DFB-5E33AEFEA419}.Debug|Any CPU.Build.0 = Debug|Any CPU
		{E292C7E7-1A0F-49B3-9DFB-5E33AEFEA419}.Release|Any CPU.ActiveCfg = Release|Any CPU
		{E292C7E7-1A0F-49B3-9DFB-5E33AEFEA419}.Release|Any CPU.Build.0 = Release|Any CPU
	EndGlobalSection
	GlobalSection(SolutionProperties) = preSolution
		HideSolutionNode = FALSE
	EndGlobalSection
	GlobalSection(ExtensibilityGlobals) = postSolution
		SolutionGuid = {C83353B9-F713-4470-BAD6-3D9F3D6FF927}
	EndGlobalSection
EndGlobal
